
Microsoft Visual Studio Solution File, Format Version 12.00
# Visual Studio Version 17
VisualStudioVersion = 17.7.34024.191
MinimumVisualStudioVersion = 10.0.40219.1
Project("{2150E333-8FDC-42A3-9474-1A3956D46DE8}") = "Calculator.Domain", "Calculator.Domain", "{0A418396-C65E-4D03-BF0F-34C1BF21BBF6}"
EndProject
Project("{FAE04EC0-301F-11D3-BF4B-00C04F79EFBC}") = "Calculator.Domain", "Calculator.Domain\Calculator.Domain.csproj", "{1E05CFCE-076F-4D62-841D-2902EF563CE6}"
EndProject
Global
	GlobalSection(SolutionConfigurationPlatforms) = preSolution
		Debug|Any CPU = Debug|Any CPU
		Release|Any CPU = Release|Any CPU
	EndGlobalSection
	GlobalSection(ProjectConfigurationPlatforms) = postSolution
		{1E05CFCE-076F-4D62-841D-2902EF563CE6}.Debug|Any CPU.ActiveCfg = Debug|Any CPU
		{1E05CFCE-076F-4D62-841D-2902EF563CE6}.Debug|Any CPU.Build.0 = Debug|Any CPU
		{1E05CFCE-076F-4D62-841D-2902EF563CE6}.Release|Any CPU.ActiveCfg = Release|Any CPU
		{1E05CFCE-076F-4D62-841D-2902EF563CE6}.Release|Any CPU.Build.0 = Release|Any CPU
	EndGlobalSection
	GlobalSection(SolutionProperties) = preSolution
		HideSolutionNode = FALSE
	EndGlobalSection
	GlobalSection(NestedProjects) = preSolution
		{1E05CFCE-076F-4D62-841D-2902EF563CE6} = {0A418396-C65E-4D03-BF0F-34C1BF21BBF6}
	EndGlobalSection
	GlobalSection(ExtensibilityGlobals) = postSolution
		SolutionGuid = {7E35D301-0471-4ED1-8619-445C26602FA7}
	EndGlobalSection
EndGlobal
